Microsoft Visual Studio Solution File, Format Version 12.00
# Visual Studio 2012
Project("{FAE04EC0-301F-11D3-BF4B-00C04F79EFBC}") = "ski", "ski.csproj", "{2D8F4AC9-7A00-4AFE-925E-6304B1E9D3E1}"
EndProject
Global
	GlobalSection(SolutionConfigurationPlatforms) = preSolution
	Debug|Any CPU = Debug|Any CPU
	ExportDebug|Any CPU = ExportDebug|Any CPU
	ExportRelease|Any CPU = ExportRelease|Any CPU
	EndGlobalSection
	GlobalSection(ProjectConfigurationPlatforms) = postSolution
		{2D8F4AC9-7A00-4AFE-925E-6304B1E9D3E1}.Debug|Any CPU.ActiveCfg = Debug|Any CPU
		{2D8F4AC9-7A00-4AFE-925E-6304B1E9D3E1}.Debug|Any CPU.Build.0 = Debug|Any CPU
		{2D8F4AC9-7A00-4AFE-925E-6304B1E9D3E1}.ExportDebug|Any CPU.ActiveCfg = ExportDebug|Any CPU
		{2D8F4AC9-7A00-4AFE-925E-6304B1E9D3E1}.ExportDebug|Any CPU.Build.0 = ExportDebug|Any CPU
		{2D8F4AC9-7A00-4AFE-925E-6304B1E9D3E1}.ExportRelease|Any CPU.ActiveCfg = ExportRelease|Any CPU
		{2D8F4AC9-7A00-4AFE-925E-6304B1E9D3E1}.ExportRelease|Any CPU.Build.0 = ExportRelease|Any CPU
	EndGlobalSection
EndGlobal
